
Microsoft Visual Studio Solution File, Format Version 12.00
# Visual Studio 15
VisualStudioVersion = 15.0.26730.15
MinimumVisualStudioVersion = 10.0.40219.1
Project("{D954291E-2A0B-460D-934E-DC6B0785DB48}") = "IAB330", "IAB330\IAB330\IAB330.shproj", "{AAEEF678-6D39-4321-A497-26483A8B5F24}"
EndProject
Project("{FAE04EC0-301F-11D3-BF4B-00C04F79EFBC}") = "IAB330.Android", "IAB330\IAB330.Android\IAB330.Android.csproj", "{5172957D-2C1D-41E8-A944-B5E4961A6412}"
EndProject
Project("{FAE04EC0-301F-11D3-BF4B-00C04F79EFBC}") = "IAB330.iOS", "IAB330\IAB330.iOS\IAB330.iOS.csproj", "{FBA32216-7525-4440-A932-1EDE0E2E94E5}"
EndProject
Global
	GlobalSection(SharedMSBuildProjectFiles) = preSolution
		IAB330\IAB330\IAB330.projitems*{5172957d-2c1d-41e8-a944-b5e4961a6412}*SharedItemsImports = 4
		IAB330\IAB330\IAB330.projitems*{aaeef678-6d39-4321-a497-26483a8b5f24}*SharedItemsImports = 13
		IAB330\IAB330\IAB330.projitems*{fba32216-7525-4440-a932-1ede0e2e94e5}*SharedItemsImports = 4
	EndGlobalSection
	GlobalSection(SolutionConfigurationPlatforms) = preSolution
		Ad-Hoc|Any CPU = Ad-Hoc|Any CPU
		Ad-Hoc|iPhone = Ad-Hoc|iPhone
		Ad-Hoc|iPhoneSimulator = Ad-Hoc|iPhoneSimulator
		AppStore|Any CPU = AppStore|Any CPU
		AppStore|iPhone = AppStore|iPhone
		AppStore|iPhoneSimulator = AppStore|iPhoneSimulator
		Debug|Any CPU = Debug|Any CPU
		Debug|iPhone = Debug|iPhone
		Debug|iPhoneSimulator = Debug|iPhoneSimulator
		Release|Any CPU = Release|Any CPU
		Release|iPhone = Release|iPhone
		Release|iPhoneSimulator = Release|iPhoneSimulator
	EndGlobalSection
	GlobalSection(ProjectConfigurationPlatforms) = postSolution
		{5172957D-2C1D-41E8-A944-B5E4961A6412}.Ad-Hoc|Any CPU.ActiveCfg = Release|Any CPU
		{5172957D-2C1D-41E8-A944-B5E4961A6412}.Ad-Hoc|Any CPU.Build.0 = Release|Any CPU
		{5172957D-2C1D-41E8-A944-B5E4961A6412}.Ad-Hoc|Any CPU.Deploy.0 = Release|Any CPU
		{5172957D-2C1D-41E8-A944-B5E4961A6412}.Ad-Hoc|iPhone.ActiveCfg = Release|Any CPU
		{5172957D-2C1D-41E8-A944-B5E4961A6412}.Ad-Hoc|iPhone.Build.0 = Release|Any CPU
		{5172957D-2C1D-41E8-A944-B5E4961A6412}.Ad-Hoc|iPhone.Deploy.0 = Release|Any CPU
		{5172957D-2C1D-41E8-A944-B5E4961A6412}.Ad-Hoc|iPhoneSimulator.ActiveCfg = Release|Any CPU
		{5172957D-2C1D-41E8-A944-B5E4961A6412}.Ad-Hoc|iPhoneSimulator.Build.0 = Release|Any CPU
		{5172957D-2C1D-41E8-A944-B5E4961A6412}.Ad-Hoc|iPhoneSimulator.Deploy.0 = Release|Any CPU
		{5172957D-2C1D-41E8-A944-B5E4961A6412}.AppStore|Any CPU.ActiveCfg = Release|Any CPU
		{5172957D-2C1D-41E8-A944-B5E4961A6412}.AppStore|Any CPU.Build.0 = Release|Any CPU
		{5172957D-2C1D-41E8-A944-B5E4961A6412}.AppStore|Any CPU.Deploy.0 = Release|Any CPU
		{5172957D-2C1D-41E8-A944-B5E4961A6412}.AppStore|iPhone.ActiveCfg = Release|Any CPU
		{5172957D-2C1D-41E8-A944-B5E4961A6412}.AppStore|iPhone.Build.0 = Release|Any CPU
		{5172957D-2C1D-41E8-A944-B5E4961A6412}.AppStore|iPhone.Deploy.0 = Release|Any CPU
		{5172957D-2C1D-41E8-A944-B5E4961A6412}.AppStore|iPhoneSimulator.ActiveCfg = Release|Any CPU
		{5172957D-2C1D-41E8-A944-B5E4961A6412}.AppStore|iPhoneSimulator.Build.0 = Release|Any CPU
		{5172957D-2C1D-41E8-A944-B5E4961A6412}.AppStore|iPhoneSimulator.Deploy.0 = Release|Any CPU
		{5172957D-2C1D-41E8-A944-B5E4961A6412}.Debug|Any CPU.ActiveCfg = Debug|Any CPU
		{5172957D-2C1D-41E8-A944-B5E4961A6412}.Debug|Any CPU.Build.0 = Debug|Any CPU
		{5172957D-2C1D-41E8-A944-B5E4961A6412}.Debug|Any CPU.Deploy.0 = Debug|Any CPU
		{5172957D-2C1D-41E8-A944-B5E4961A6412}.Debug|iPhone.ActiveCfg = Debug|Any CPU
		{5172957D-2C1D-41E8-A944-B5E4961A6412}.Debug|iPhone.Build.0 = Debug|Any CPU
		{5172957D-2C1D-41E8-A944-B5E4961A6412}.Debug|iPhone.Deploy.0 = Debug|Any CPU
		{5172957D-2C1D-41E8-A944-B5E4961A6412}.Debug|iPhoneSimulator.ActiveCfg = Debug|Any CPU
		{5172957D-2C1D-41E8-A944-B5E4961A6412}.Debug|iPhoneSimulator.Build.0 = Debug|Any CPU
		{5172957D-2C1D-41E8-A944-B5E4961A6412}.Debug|iPhoneSimulator.Deploy.0 = Debug|Any CPU
		{5172957D-2C1D-41E8-A944-B5E4961A6412}.Release|Any CPU.ActiveCfg = Release|Any CPU
		{5172957D-2C1D-41E8-A944-B5E4961A6412}.Release|Any CPU.Build.0 = Release|Any CPU
		{5172957D-2C1D-41E8-A944-B5E4961A6412}.Release|Any CPU.Deploy.0 = Release|Any CPU
		{5172957D-2C1D-41E8-A944-B5E4961A6412}.Release|iPhone.ActiveCfg = Release|Any CPU
		{5172957D-2C1D-41E8-A944-B5E4961A6412}.Release|iPhone.Build.0 = Release|Any CPU
		{5172957D-2C1D-41E8-A944-B5E4961A6412}.Release|iPhone.Deploy.0 = Release|Any CPU
		{5172957D-2C1D-41E8-A944-B5E4961A6412}.Release|iPhoneSimulator.ActiveCfg = Release|Any CPU
		{5172957D-2C1D-41E8-A944-B5E4961A6412}.Release|iPhoneSimulator.Build.0 = Release|Any CPU
		{5172957D-2C1D-41E8-A944-B5E4961A6412}.Release|iPhoneSimulator.Deploy.0 = Release|Any CPU
		{FBA32216-7525-4440-A932-1EDE0E2E94E5}.Ad-Hoc|Any CPU.ActiveCfg = Ad-Hoc|iPhone
		{FBA32216-7525-4440-A932-1EDE0E2E94E5}.Ad-Hoc|iPhone.ActiveCfg = Ad-Hoc|iPhone
		{FBA32216-7525-4440-A932-1EDE0E2E94E5}.Ad-Hoc|iPhone.Build.0 = Ad-Hoc|iPhone
		{FBA32216-7525-4440-A932-1EDE0E2E94E5}.Ad-Hoc|iPhoneSimulator.ActiveCfg = Ad-Hoc|iPhoneSimulator
		{FBA32216-7525-4440-A932-1EDE0E2E94E5}.Ad-Hoc|iPhoneSimulator.Build.0 = Ad-Hoc|iPhoneSimulator
		{FBA32216-7525-4440-A932-1EDE0E2E94E5}.AppStore|Any CPU.ActiveCfg = AppStore|iPhone
		{FBA32216-7525-4440-A932-1EDE0E2E94E5}.AppStore|iPhone.ActiveCfg = AppStore|iPhone
		{FBA32216-7525-4440-A932-1EDE0E2E94E5}.AppStore|iPhone.Build.0 = AppStore|iPhone
		{FBA32216-7525-4440-A932-1EDE0E2E94E5}.AppStore|iPhoneSimulator.ActiveCfg = AppStore|iPhoneSimulator
		{FBA32216-7525-4440-A932-1EDE0E2E94E5}.AppStore|iPhoneSimulator.Build.0 = AppStore|iPhoneSimulator
		{FBA32216-7525-4440-A932-1EDE0E2E94E5}.Debug|Any CPU.ActiveCfg = Debug|iPhone
		{FBA32216-7525-4440-A932-1EDE0E2E94E5}.Debug|iPhone.ActiveCfg = Debug|iPhone
		{FBA32216-7525-4440-A932-1EDE0E2E94E5}.Debug|iPhone.Build.0 = Debug|iPhone
		{FBA32216-7525-4440-A932-1EDE0E2E94E5}.Debug|iPhoneSimulator.ActiveCfg = Debug|iPhoneSimulator
		{FBA32216-7525-4440-A932-1EDE0E2E94E5}.Debug|iPhoneSimulator.Build.0 = Debug|iPhoneSimulator
		{FBA32216-7525-4440-A932-1EDE0E2E94E5}.Release|Any CPU.ActiveCfg = Release|iPhone
		{FBA32216-7525-4440-A932-1EDE0E2E94E5}.Release|iPhone.ActiveCfg = Release|iPhone
		{FBA32216-7525-4440-A932-1EDE0E2E94E5}.Release|iPhone.Build.0 = Release|iPhone
		{FBA32216-7525-4440-A932-1EDE0E2E94E5}.Release|iPhoneSimulator.ActiveCfg = Release|iPhoneSimulator
		{FBA32216-7525-4440-A932-1EDE0E2E94E5}.Release|iPhoneSimulator.Build.0 = Release|iPhoneSimulator
	EndGlobalSection
	GlobalSection(SolutionProperties) = preSolution
		HideSolutionNode = FALSE
	EndGlobalSection
	GlobalSection(ExtensibilityGlobals) = postSolution
		SolutionGuid = {0CAF50BD-2D02-4564-BCD7-BBEDCD9BF01E}
	EndGlobalSection
EndGlobal
